
Microsoft Visual Studio Solution File, Format Version 12.00
# Visual Studio 14
VisualStudioVersion = 14.0.25420.1
MinimumVisualStudioVersion = 10.0.40219.1
Project("{8BC9CEB8-8B4A-11D0-8D11-00A0C91BC942}") = "global_common", "..\global_common\global_common.vcxproj", "{47C2DE21-F371-49B8-AEE3-36CABE7AFA59}"
EndProject
Project("{8BC9CEB8-8B4A-11D0-8D11-00A0C91BC942}") = "game_common", "..\game_common\game_common.vcxproj", "{A429C712-0832-497E-B775-E28C208D73B6}"
EndProject
Project("{8BC9CEB8-8B4A-11D0-8D11-00A0C91BC942}") = "server_common", "..\server_common\server_common.vcxproj", "{FF23F33A-95E2-483A-BF68-724E49F6B144}"
EndProject
Project("{2150E333-8FDC-42A3-9474-1A3956D46DE8}") = "_libraries", "_libraries", "{7FCAC950-DA16-47CA-94EF-A32F96A44066}"
EndProject
Project("{8BC9CEB8-8B4A-11D0-8D11-00A0C91BC942}") = "app_config", "..\app_config\app_config.vcxproj", "{9EFF5309-C6AA-4C3D-9D45-265B38928D1F}"
	ProjectSection(ProjectDependencies) = postProject
		{47C2DE21-F371-49B8-AEE3-36CABE7AFA59} = {47C2DE21-F371-49B8-AEE3-36CABE7AFA59}
	EndProjectSection
EndProject
Project("{2150E333-8FDC-42A3-9474-1A3956D46DE8}") = "server", "server", "{CD2EB044-FFDB-440E-BD13-8E243CF8A39D}"
EndProject
Project("{2150E333-8FDC-42A3-9474-1A3956D46DE8}") = "client", "client", "{E85CB6BB-ABA0-4CF9-857E-83D5B1CABCF6}"
EndProject
Project("{8BC9CEB8-8B4A-11D0-8D11-00A0C91BC942}") = "echo_server", "..\echo_server\echo_server.vcxproj", "{9BD4FB4F-E9ED-40E0-9E10-94966A25D930}"
	ProjectSection(ProjectDependencies) = postProject
		{9EFF5309-C6AA-4C3D-9D45-265B38928D1F} = {9EFF5309-C6AA-4C3D-9D45-265B38928D1F}
		{A429C712-0832-497E-B775-E28C208D73B6} = {A429C712-0832-497E-B775-E28C208D73B6}
		{47C2DE21-F371-49B8-AEE3-36CABE7AFA59} = {47C2DE21-F371-49B8-AEE3-36CABE7AFA59}
		{FF23F33A-95E2-483A-BF68-724E49F6B144} = {FF23F33A-95E2-483A-BF68-724E49F6B144}
		{AF09A7A2-8310-4DE7-8A4A-725922F4DFF5} = {AF09A7A2-8310-4DE7-8A4A-725922F4DFF5}
		{7CC32AB3-6468-447F-9C69-703E80CBEF90} = {7CC32AB3-6468-447F-9C69-703E80CBEF90}
	EndProjectSection
EndProject
Project("{8BC9CEB8-8B4A-11D0-8D11-00A0C91BC942}") = "echo_client", "..\echo_client\echo_client.vcxproj", "{BBF7521B-14A3-4564-BDAE-E695B7629176}"
	ProjectSection(ProjectDependencies) = postProject
		{9EFF5309-C6AA-4C3D-9D45-265B38928D1F} = {9EFF5309-C6AA-4C3D-9D45-265B38928D1F}
		{A429C712-0832-497E-B775-E28C208D73B6} = {A429C712-0832-497E-B775-E28C208D73B6}
		{47C2DE21-F371-49B8-AEE3-36CABE7AFA59} = {47C2DE21-F371-49B8-AEE3-36CABE7AFA59}
		{FF23F33A-95E2-483A-BF68-724E49F6B144} = {FF23F33A-95E2-483A-BF68-724E49F6B144}
		{AF09A7A2-8310-4DE7-8A4A-725922F4DFF5} = {AF09A7A2-8310-4DE7-8A4A-725922F4DFF5}
		{7CC32AB3-6468-447F-9C69-703E80CBEF90} = {7CC32AB3-6468-447F-9C69-703E80CBEF90}
	EndProjectSection
EndProject
Project("{8BC9CEB8-8B4A-11D0-8D11-00A0C91BC942}") = "network_common", "..\network_common\network_common.vcxproj", "{7CC32AB3-6468-447F-9C69-703E80CBEF90}"
EndProject
Project("{8BC9CEB8-8B4A-11D0-8D11-00A0C91BC942}") = "client_common", "..\client_common\client_common.vcxproj", "{AF09A7A2-8310-4DE7-8A4A-725922F4DFF5}"
EndProject
Project("{8BC9CEB8-8B4A-11D0-8D11-00A0C91BC942}") = "prototype_server", "..\prototype_server\prototype_server.vcxproj", "{EB87C714-465B-4866-BEEA-EA5920C6D29C}"
	ProjectSection(ProjectDependencies) = postProject
		{9EFF5309-C6AA-4C3D-9D45-265B38928D1F} = {9EFF5309-C6AA-4C3D-9D45-265B38928D1F}
		{47C2DE21-F371-49B8-AEE3-36CABE7AFA59} = {47C2DE21-F371-49B8-AEE3-36CABE7AFA59}
		{FF23F33A-95E2-483A-BF68-724E49F6B144} = {FF23F33A-95E2-483A-BF68-724E49F6B144}
		{7CC32AB3-6468-447F-9C69-703E80CBEF90} = {7CC32AB3-6468-447F-9C69-703E80CBEF90}
	EndProjectSection
EndProject
Project("{8BC9CEB8-8B4A-11D0-8D11-00A0C91BC942}") = "prototype_client", "..\prototype_client\prototype_client.vcxproj", "{B8F783A4-5CA2-4B5B-A427-A1C2343AF5C1}"
	ProjectSection(ProjectDependencies) = postProject
		{9EFF5309-C6AA-4C3D-9D45-265B38928D1F} = {9EFF5309-C6AA-4C3D-9D45-265B38928D1F}
		{A429C712-0832-497E-B775-E28C208D73B6} = {A429C712-0832-497E-B775-E28C208D73B6}
		{47C2DE21-F371-49B8-AEE3-36CABE7AFA59} = {47C2DE21-F371-49B8-AEE3-36CABE7AFA59}
		{FF23F33A-95E2-483A-BF68-724E49F6B144} = {FF23F33A-95E2-483A-BF68-724E49F6B144}
		{AF09A7A2-8310-4DE7-8A4A-725922F4DFF5} = {AF09A7A2-8310-4DE7-8A4A-725922F4DFF5}
		{7CC32AB3-6468-447F-9C69-703E80CBEF90} = {7CC32AB3-6468-447F-9C69-703E80CBEF90}
	EndProjectSection
EndProject
Global
	GlobalSection(SolutionConfigurationPlatforms) = preSolution
		Debug|x64 = Debug|x64
		Debug|x86 = Debug|x86
		Release|x64 = Release|x64
		Release|x86 = Release|x86
	EndGlobalSection
	GlobalSection(ProjectConfigurationPlatforms) = postSolution
		{47C2DE21-F371-49B8-AEE3-36CABE7AFA59}.Debug|x64.ActiveCfg = Debug|x64
		{47C2DE21-F371-49B8-AEE3-36CABE7AFA59}.Debug|x64.Build.0 = Debug|x64
		{47C2DE21-F371-49B8-AEE3-36CABE7AFA59}.Debug|x86.ActiveCfg = Debug|x64
		{47C2DE21-F371-49B8-AEE3-36CABE7AFA59}.Release|x64.ActiveCfg = Release|x64
		{47C2DE21-F371-49B8-AEE3-36CABE7AFA59}.Release|x64.Build.0 = Release|x64
		{47C2DE21-F371-49B8-AEE3-36CABE7AFA59}.Release|x86.ActiveCfg = Release|x64
		{A429C712-0832-497E-B775-E28C208D73B6}.Debug|x64.ActiveCfg = Debug|x64
		{A429C712-0832-497E-B775-E28C208D73B6}.Debug|x64.Build.0 = Debug|x64
		{A429C712-0832-497E-B775-E28C208D73B6}.Debug|x86.ActiveCfg = Debug|x64
		{A429C712-0832-497E-B775-E28C208D73B6}.Release|x64.ActiveCfg = Release|x64
		{A429C712-0832-497E-B775-E28C208D73B6}.Release|x64.Build.0 = Release|x64
		{A429C712-0832-497E-B775-E28C208D73B6}.Release|x86.ActiveCfg = Release|x64
		{FF23F33A-95E2-483A-BF68-724E49F6B144}.Debug|x64.ActiveCfg = Debug|x64
		{FF23F33A-95E2-483A-BF68-724E49F6B144}.Debug|x64.Build.0 = Debug|x64
		{FF23F33A-95E2-483A-BF68-724E49F6B144}.Debug|x86.ActiveCfg = Debug|x64
		{FF23F33A-95E2-483A-BF68-724E49F6B144}.Release|x64.ActiveCfg = Release|x64
		{FF23F33A-95E2-483A-BF68-724E49F6B144}.Release|x64.Build.0 = Release|x64
		{FF23F33A-95E2-483A-BF68-724E49F6B144}.Release|x86.ActiveCfg = Release|x64
		{9EFF5309-C6AA-4C3D-9D45-265B38928D1F}.Debug|x64.ActiveCfg = Debug|x64
		{9EFF5309-C6AA-4C3D-9D45-265B38928D1F}.Debug|x64.Build.0 = Debug|x64
		{9EFF5309-C6AA-4C3D-9D45-265B38928D1F}.Debug|x86.ActiveCfg = Debug|x64
		{9EFF5309-C6AA-4C3D-9D45-265B38928D1F}.Release|x64.ActiveCfg = Release|x64
		{9EFF5309-C6AA-4C3D-9D45-265B38928D1F}.Release|x64.Build.0 = Release|x64
		{9EFF5309-C6AA-4C3D-9D45-265B38928D1F}.Release|x86.ActiveCfg = Release|x64
		{9BD4FB4F-E9ED-40E0-9E10-94966A25D930}.Debug|x64.ActiveCfg = Debug|x64
		{9BD4FB4F-E9ED-40E0-9E10-94966A25D930}.Debug|x64.Build.0 = Debug|x64
		{9BD4FB4F-E9ED-40E0-9E10-94966A25D930}.Debug|x86.ActiveCfg = Debug|x64
		{9BD4FB4F-E9ED-40E0-9E10-94966A25D930}.Release|x64.ActiveCfg = Release|x64
		{9BD4FB4F-E9ED-40E0-9E10-94966A25D930}.Release|x64.Build.0 = Release|x64
		{9BD4FB4F-E9ED-40E0-9E10-94966A25D930}.Release|x86.ActiveCfg = Release|x64
		{BBF7521B-14A3-4564-BDAE-E695B7629176}.Debug|x64.ActiveCfg = Debug|x64
		{BBF7521B-14A3-4564-BDAE-E695B7629176}.Debug|x64.Build.0 = Debug|x64
		{BBF7521B-14A3-4564-BDAE-E695B7629176}.Debug|x86.ActiveCfg = Debug|x64
		{BBF7521B-14A3-4564-BDAE-E695B7629176}.Release|x64.ActiveCfg = Release|x64
		{BBF7521B-14A3-4564-BDAE-E695B7629176}.Release|x64.Build.0 = Release|x64
		{BBF7521B-14A3-4564-BDAE-E695B7629176}.Release|x86.ActiveCfg = Release|x64
		{7CC32AB3-6468-447F-9C69-703E80CBEF90}.Debug|x64.ActiveCfg = Debug|x64
		{7CC32AB3-6468-447F-9C69-703E80CBEF90}.Debug|x64.Build.0 = Debug|x64
		{7CC32AB3-6468-447F-9C69-703E80CBEF90}.Debug|x86.ActiveCfg = Debug|x64
		{7CC32AB3-6468-447F-9C69-703E80CBEF90}.Release|x64.ActiveCfg = Release|x64
		{7CC32AB3-6468-447F-9C69-703E80CBEF90}.Release|x64.Build.0 = Release|x64
		{7CC32AB3-6468-447F-9C69-703E80CBEF90}.Release|x86.ActiveCfg = Release|x64
		{AF09A7A2-8310-4DE7-8A4A-725922F4DFF5}.Debug|x64.ActiveCfg = Debug|x64
		{AF09A7A2-8310-4DE7-8A4A-725922F4DFF5}.Debug|x64.Build.0 = Debug|x64
		{AF09A7A2-8310-4DE7-8A4A-725922F4DFF5}.Debug|x86.ActiveCfg = Debug|x64
		{AF09A7A2-8310-4DE7-8A4A-725922F4DFF5}.Release|x64.ActiveCfg = Release|x64
		{AF09A7A2-8310-4DE7-8A4A-725922F4DFF5}.Release|x64.Build.0 = Release|x64
		{AF09A7A2-8310-4DE7-8A4A-725922F4DFF5}.Release|x86.ActiveCfg = Release|x64
		{EB87C714-465B-4866-BEEA-EA5920C6D29C}.Debug|x64.ActiveCfg = Debug|x64
		{EB87C714-465B-4866-BEEA-EA5920C6D29C}.Debug|x64.Build.0 = Debug|x64
		{EB87C714-465B-4866-BEEA-EA5920C6D29C}.Debug|x86.ActiveCfg = Debug|x64
		{EB87C714-465B-4866-BEEA-EA5920C6D29C}.Release|x64.ActiveCfg = Release|x64
		{EB87C714-465B-4866-BEEA-EA5920C6D29C}.Release|x64.Build.0 = Release|x64
		{EB87C714-465B-4866-BEEA-EA5920C6D29C}.Release|x86.ActiveCfg = Release|x64
		{B8F783A4-5CA2-4B5B-A427-A1C2343AF5C1}.Debug|x64.ActiveCfg = Debug|x64
		{B8F783A4-5CA2-4B5B-A427-A1C2343AF5C1}.Debug|x64.Build.0 = Debug|x64
		{B8F783A4-5CA2-4B5B-A427-A1C2343AF5C1}.Debug|x86.ActiveCfg = Debug|x64
		{B8F783A4-5CA2-4B5B-A427-A1C2343AF5C1}.Release|x64.ActiveCfg = Release|x64
		{B8F783A4-5CA2-4B5B-A427-A1C2343AF5C1}.Release|x64.Build.0 = Release|x64
		{B8F783A4-5CA2-4B5B-A427-A1C2343AF5C1}.Release|x86.ActiveCfg = Release|x64
	EndGlobalSection
	GlobalSection(SolutionProperties) = preSolution
		HideSolutionNode = FALSE
	EndGlobalSection
	GlobalSection(NestedProjects) = preSolution
		{47C2DE21-F371-49B8-AEE3-36CABE7AFA59} = {7FCAC950-DA16-47CA-94EF-A32F96A44066}
		{A429C712-0832-497E-B775-E28C208D73B6} = {7FCAC950-DA16-47CA-94EF-A32F96A44066}
		{FF23F33A-95E2-483A-BF68-724E49F6B144} = {7FCAC950-DA16-47CA-94EF-A32F96A44066}
		{9EFF5309-C6AA-4C3D-9D45-265B38928D1F} = {7FCAC950-DA16-47CA-94EF-A32F96A44066}
		{9BD4FB4F-E9ED-40E0-9E10-94966A25D930} = {CD2EB044-FFDB-440E-BD13-8E243CF8A39D}
		{BBF7521B-14A3-4564-BDAE-E695B7629176} = {E85CB6BB-ABA0-4CF9-857E-83D5B1CABCF6}
		{7CC32AB3-6468-447F-9C69-703E80CBEF90} = {7FCAC950-DA16-47CA-94EF-A32F96A44066}
		{AF09A7A2-8310-4DE7-8A4A-725922F4DFF5} = {7FCAC950-DA16-47CA-94EF-A32F96A44066}
		{EB87C714-465B-4866-BEEA-EA5920C6D29C} = {CD2EB044-FFDB-440E-BD13-8E243CF8A39D}
		{B8F783A4-5CA2-4B5B-A427-A1C2343AF5C1} = {E85CB6BB-ABA0-4CF9-857E-83D5B1CABCF6}
	EndGlobalSection
EndGlobal
