<?xml version="1.0" encoding="utf-8"?>
<Project ToolsVersion="4.0" xmlns="http://schemas.microsoft.com/developer/msbuild/2003">
  <ItemGroup>
    <Filter Include="network_common">
      <UniqueIdentifier>{93995380-89BD-4b04-88EB-625FBE52EBFB}</UniqueIdentifier>
      <Extensions>h;hh;hpp;hxx;hm;inl;inc;xsd</Extensions>
    </Filter>
    <Filter Include="proto">
      <UniqueIdentifier>{f7c62487-fbd1-4608-8d78-3c98ad40e503}</UniqueIdentifier>
    </Filter>
    <Filter Include="sessions">
      <UniqueIdentifier>{864c609c-d5fb-42b2-8d98-7e5e3cda61a2}</UniqueIdentifier>
    </Filter>
    <Filter Include="pb_cpp">
      <UniqueIdentifier>{412e9c80-0dea-4450-8011-d0a821f477e5}</UniqueIdentifier>
    </Filter>
    <Filter Include="proto\echo">
      <UniqueIdentifier>{57c98481-eeda-4593-aae8-3cb5e8378159}</UniqueIdentifier>
    </Filter>
    <Filter Include="pb_cpp\echo">
      <UniqueIdentifier>{d8e467b1-cb80-44bb-b382-509023c278d8}</UniqueIdentifier>
    </Filter>
    <Filter Include="proto\prototype">
      <UniqueIdentifier>{4d2a9745-01cb-46d2-a820-7e27f53e64ad}</UniqueIdentifier>
    </Filter>
    <Filter Include="pb_cpp\prototype">
      <UniqueIdentifier>{21276f7d-8474-4d02-8c77-b806bc8e40c5}</UniqueIdentifier>
    </Filter>
    <Filter Include="packet_declare">
      <UniqueIdentifier>{0dfffc69-4b22-43e0-8a55-69d754f018cf}</UniqueIdentifier>
    </Filter>
    <Filter Include="packet_declare\echo">
      <UniqueIdentifier>{767bb7bd-661c-4b95-b21e-e463ee007481}</UniqueIdentifier>
    </Filter>
    <Filter Include="packet_declare\prototype">
      <UniqueIdentifier>{b55d0073-7625-4bad-b70a-aa9367268ab9}</UniqueIdentifier>
    </Filter>
  </ItemGroup>
  <ItemGroup>
    <ClInclude Include="stdafx.h" />
    <ClInclude Include="packet_buffer.h">
      <Filter>network_common</Filter>
    </ClInclude>
    <ClInclude Include="packet_handler_manager.h">
      <Filter>network_common</Filter>
    </ClInclude>
    <ClInclude Include="packet_define.h">
      <Filter>network_common</Filter>
    </ClInclude>
    <ClInclude Include="session.h">
      <Filter>sessions</Filter>
    </ClInclude>
    <ClInclude Include="pb_cpp\echo_client_server.pb.h">
      <Filter>pb_cpp\echo</Filter>
    </ClInclude>
    <ClInclude Include="pb_cpp\echo_common.pb.h">
      <Filter>pb_cpp\echo</Filter>
    </ClInclude>
    <ClInclude Include="pb_cpp\echo_server_client.pb.h">
      <Filter>pb_cpp\echo</Filter>
    </ClInclude>
    <ClInclude Include="pb_cpp\prototype_client_server.pb.h">
      <Filter>pb_cpp\prototype</Filter>
    </ClInclude>
    <ClInclude Include="pb_cpp\prototype_common.pb.h">
      <Filter>pb_cpp\prototype</Filter>
    </ClInclude>
    <ClInclude Include="pb_cpp\prototype_server_client.pb.h">
      <Filter>pb_cpp\prototype</Filter>
    </ClInclude>
    <ClInclude Include="p_echo_client_server.h">
      <Filter>packet_declare\echo</Filter>
    </ClInclude>
    <ClInclude Include="p_echo_server_client.h">
      <Filter>packet_declare\echo</Filter>
    </ClInclude>
    <ClInclude Include="p_prototype_client_server.h">
      <Filter>packet_declare\prototype</Filter>
    </ClInclude>
    <ClInclude Include="p_prototype_server_client.h">
      <Filter>packet_declare\prototype</Filter>
    </ClInclude>
  </ItemGroup>
  <ItemGroup>
    <ClCompile Include="stdafx.cpp" />
    <ClCompile Include="packet_buffer.cpp">
      <Filter>network_common</Filter>
    </ClCompile>
    <ClCompile Include="pb_cpp\echo_client_server.pb.cc">
      <Filter>pb_cpp\echo</Filter>
    </ClCompile>
    <ClCompile Include="pb_cpp\echo_common.pb.cc">
      <Filter>pb_cpp\echo</Filter>
    </ClCompile>
    <ClCompile Include="pb_cpp\echo_server_client.pb.cc">
      <Filter>pb_cpp\echo</Filter>
    </ClCompile>
    <ClCompile Include="pb_cpp\prototype_client_server.pb.cc">
      <Filter>pb_cpp\prototype</Filter>
    </ClCompile>
    <ClCompile Include="pb_cpp\prototype_common.pb.cc">
      <Filter>pb_cpp\prototype</Filter>
    </ClCompile>
    <ClCompile Include="pb_cpp\prototype_server_client.pb.cc">
      <Filter>pb_cpp\prototype</Filter>
    </ClCompile>
  </ItemGroup>
  <ItemGroup>
    <None Include="proto\echo_client_server.proto">
      <Filter>proto\echo</Filter>
    </None>
    <None Include="proto\echo_common.proto">
      <Filter>proto\echo</Filter>
    </None>
    <None Include="proto\echo_server_client.proto">
      <Filter>proto\echo</Filter>
    </None>
    <None Include="proto\prototype_client_server.proto">
      <Filter>proto\prototype</Filter>
    </None>
    <None Include="proto\prototype_common.proto">
      <Filter>proto\prototype</Filter>
    </None>
    <None Include="proto\prototype_server_client.proto">
      <Filter>proto\prototype</Filter>
    </None>
  </ItemGroup>
</Project>