<?xml version="1.0" encoding="utf-8"?>
<Project ToolsVersion="4.0" xmlns="http://schemas.microsoft.com/developer/msbuild/2003">
  <ItemGroup>
    <Filter Include="game_common">
      <UniqueIdentifier>{93995380-89BD-4b04-88EB-625FBE52EBFB}</UniqueIdentifier>
      <Extensions>h;hh;hpp;hxx;hm;inl;inc;xsd</Extensions>
    </Filter>
    <Filter Include="game_common\units">
      <UniqueIdentifier>{47be01f2-4912-4052-a9c1-bc349aec8653}</UniqueIdentifier>
    </Filter>
    <Filter Include="game_common\unit_datas">
      <UniqueIdentifier>{bbc92dda-3f98-46db-9ce7-fb416244e203}</UniqueIdentifier>
    </Filter>
    <Filter Include="game_common\unit_lock">
      <UniqueIdentifier>{be164640-4102-40f7-afc5-83d79a1da1a9}</UniqueIdentifier>
    </Filter>
  </ItemGroup>
  <ItemGroup>
    <ClInclude Include="stdafx.h" />
    <ClInclude Include="id_pool.h">
      <Filter>game_common</Filter>
    </ClInclude>
    <ClInclude Include="unit_id.h">
      <Filter>game_common</Filter>
    </ClInclude>
    <ClInclude Include="npc_unitdata.h">
      <Filter>game_common\unit_datas</Filter>
    </ClInclude>
    <ClInclude Include="player_unitdata.h">
      <Filter>game_common\unit_datas</Filter>
    </ClInclude>
    <ClInclude Include="unitdata.h">
      <Filter>game_common\unit_datas</Filter>
    </ClInclude>
    <ClInclude Include="unit.h">
      <Filter>game_common\units</Filter>
    </ClInclude>
    <ClInclude Include="game_unit.h">
      <Filter>game_common\units</Filter>
    </ClInclude>
    <ClInclude Include="actor_unit.h">
      <Filter>game_common\units</Filter>
    </ClInclude>
    <ClInclude Include="player_unit.h">
      <Filter>game_common\units</Filter>
    </ClInclude>
    <ClInclude Include="npc_unit.h">
      <Filter>game_common\units</Filter>
    </ClInclude>
    <ClInclude Include="unit_manager.h">
      <Filter>game_common</Filter>
    </ClInclude>
    <ClInclude Include="unit_lock.h">
      <Filter>game_common\unit_lock</Filter>
    </ClInclude>
  </ItemGroup>
  <ItemGroup>
    <ClCompile Include="stdafx.cpp" />
    <ClCompile Include="unit_id.cpp">
      <Filter>game_common</Filter>
    </ClCompile>
    <ClCompile Include="npc_unitdata.cpp">
      <Filter>game_common\unit_datas</Filter>
    </ClCompile>
    <ClCompile Include="player_unitdata.cpp">
      <Filter>game_common\unit_datas</Filter>
    </ClCompile>
    <ClCompile Include="unitdata.cpp">
      <Filter>game_common\unit_datas</Filter>
    </ClCompile>
    <ClCompile Include="unit.cpp">
      <Filter>game_common\units</Filter>
    </ClCompile>
    <ClCompile Include="game_unit.cpp">
      <Filter>game_common\units</Filter>
    </ClCompile>
    <ClCompile Include="actor_unit.cpp">
      <Filter>game_common\units</Filter>
    </ClCompile>
    <ClCompile Include="player_unit.cpp">
      <Filter>game_common\units</Filter>
    </ClCompile>
    <ClCompile Include="npc_unit.cpp">
      <Filter>game_common\units</Filter>
    </ClCompile>
    <ClCompile Include="unit_manager.cpp">
      <Filter>game_common</Filter>
    </ClCompile>
    <ClCompile Include="unit_lock.cpp">
      <Filter>game_common\unit_lock</Filter>
    </ClCompile>
  </ItemGroup>
</Project>